
Microsoft Visual Studio Solution File, Format Version 12.00
# Visual Studio 15
Project("{FAE04EC0-301F-11D3-BF4B-00C04F79EFBC}") = "Febucci.HierarchyIcons.Examples", "Febucci.HierarchyIcons.Examples.csproj", "{47A1EE19-F165-9C92-82F3-9330372E6371}"
EndProject
Project("{FAE04EC0-301F-11D3-BF4B-00C04F79EFBC}") = "Assembly-CSharp", "Assembly-CSharp.csproj", "{24E4421B-4687-3204-90D7-72D0E682A3BC}"
EndProject
Project("{FAE04EC0-301F-11D3-BF4B-00C04F79EFBC}") = "Febucci.HierarchyIcons", "Febucci.HierarchyIcons.csproj", "{15857E28-C90E-2C6E-82CD-18F95C0ECE26}"
EndProject
Global
	GlobalSection(SolutionConfigurationPlatforms) = preSolution
		Debug|Any CPU = Debug|Any CPU
		Release|Any CPU = Release|Any CPU
	EndGlobalSection
	GlobalSection(ProjectConfigurationPlatforms) = postSolution
		{47A1EE19-F165-9C92-82F3-9330372E6371}.Debug|Any CPU.ActiveCfg = Debug|Any CPU
		{47A1EE19-F165-9C92-82F3-9330372E6371}.Debug|Any CPU.Build.0 = Debug|Any CPU
		{47A1EE19-F165-9C92-82F3-9330372E6371}.Release|Any CPU.ActiveCfg = Release|Any CPU
		{47A1EE19-F165-9C92-82F3-9330372E6371}.Release|Any CPU.Build.0 = Release|Any CPU
		{24E4421B-4687-3204-90D7-72D0E682A3BC}.Debug|Any CPU.ActiveCfg = Debug|Any CPU
		{24E4421B-4687-3204-90D7-72D0E682A3BC}.Debug|Any CPU.Build.0 = Debug|Any CPU
		{24E4421B-4687-3204-90D7-72D0E682A3BC}.Release|Any CPU.ActiveCfg = Release|Any CPU
		{24E4421B-4687-3204-90D7-72D0E682A3BC}.Release|Any CPU.Build.0 = Release|Any CPU
		{15857E28-C90E-2C6E-82CD-18F95C0ECE26}.Debug|Any CPU.ActiveCfg = Debug|Any CPU
		{15857E28-C90E-2C6E-82CD-18F95C0ECE26}.Debug|Any CPU.Build.0 = Debug|Any CPU
		{15857E28-C90E-2C6E-82CD-18F95C0ECE26}.Release|Any CPU.ActiveCfg = Release|Any CPU
		{15857E28-C90E-2C6E-82CD-18F95C0ECE26}.Release|Any CPU.Build.0 = Release|Any CPU
	EndGlobalSection
	GlobalSection(SolutionProperties) = preSolution
		HideSolutionNode = FALSE
	EndGlobalSection
EndGlobal
