
Microsoft Visual Studio Solution File, Format Version 12.00
# Visual Studio 15
Project("{FAE04EC0-301F-11D3-BF4B-00C04F79EFBC}") = "Assembly-CSharp", "Assembly-CSharp.csproj", "{CDB2CA64-FFA5-BCA1-7DF2-4D94F9039F4E}"
EndProject
Project("{FAE04EC0-301F-11D3-BF4B-00C04F79EFBC}") = "Febucci.HierarchyIcons.Examples", "Febucci.HierarchyIcons.Examples.csproj", "{139C1CCF-94A3-D714-43E6-9904F0FF7B04}"
EndProject
Project("{FAE04EC0-301F-11D3-BF4B-00C04F79EFBC}") = "Febucci.HierarchyIcons", "Febucci.HierarchyIcons.csproj", "{8A9C8742-2687-728F-632F-6A46B28FFBA7}"
EndProject
Global
	GlobalSection(SolutionConfigurationPlatforms) = preSolution
		Debug|Any CPU = Debug|Any CPU
		Release|Any CPU = Release|Any CPU
	EndGlobalSection
	GlobalSection(ProjectConfigurationPlatforms) = postSolution
		{CDB2CA64-FFA5-BCA1-7DF2-4D94F9039F4E}.Debug|Any CPU.ActiveCfg = Debug|Any CPU
		{CDB2CA64-FFA5-BCA1-7DF2-4D94F9039F4E}.Debug|Any CPU.Build.0 = Debug|Any CPU
		{CDB2CA64-FFA5-BCA1-7DF2-4D94F9039F4E}.Release|Any CPU.ActiveCfg = Release|Any CPU
		{CDB2CA64-FFA5-BCA1-7DF2-4D94F9039F4E}.Release|Any CPU.Build.0 = Release|Any CPU
		{139C1CCF-94A3-D714-43E6-9904F0FF7B04}.Debug|Any CPU.ActiveCfg = Debug|Any CPU
		{139C1CCF-94A3-D714-43E6-9904F0FF7B04}.Debug|Any CPU.Build.0 = Debug|Any CPU
		{139C1CCF-94A3-D714-43E6-9904F0FF7B04}.Release|Any CPU.ActiveCfg = Release|Any CPU
		{139C1CCF-94A3-D714-43E6-9904F0FF7B04}.Release|Any CPU.Build.0 = Release|Any CPU
		{8A9C8742-2687-728F-632F-6A46B28FFBA7}.Debug|Any CPU.ActiveCfg = Debug|Any CPU
		{8A9C8742-2687-728F-632F-6A46B28FFBA7}.Debug|Any CPU.Build.0 = Debug|Any CPU
		{8A9C8742-2687-728F-632F-6A46B28FFBA7}.Release|Any CPU.ActiveCfg = Release|Any CPU
		{8A9C8742-2687-728F-632F-6A46B28FFBA7}.Release|Any CPU.Build.0 = Release|Any CPU
	EndGlobalSection
	GlobalSection(SolutionProperties) = preSolution
		HideSolutionNode = FALSE
	EndGlobalSection
EndGlobal
